
Microsoft Visual Studio Solution File, Format Version 12.00
# Visual Studio Version 17
VisualStudioVersion = 17.12.35506.116
MinimumVisualStudioVersion = 10.0.40219.1
Project("{FAE04EC0-301F-11D3-BF4B-00C04F79EFBC}") = "mp.Server", "mp.Server\mp.Server.csproj", "{AAAEB043-5C22-44E0-8E42-0C8D40A6C6A1}"
EndProject
Project("{54A90642-561A-4BB1-A94E-469ADEE60C69}") = "mp.client", "mp.client\mp.client.esproj", "{538EC7CA-442B-4E09-BB0A-337D08F1C0BC}"
EndProject
Project("{FAE04EC0-301F-11D3-BF4B-00C04F79EFBC}") = "mp.Repository", "mp.Repository\mp.Repository.csproj", "{300B0174-F326-4FC7-BA74-BA018494FC68}"
EndProject
Global
	GlobalSection(SolutionConfigurationPlatforms) = preSolution
		Debug|Any CPU = Debug|Any CPU
		Release|Any CPU = Release|Any CPU
	EndGlobalSection
	GlobalSection(ProjectConfigurationPlatforms) = postSolution
		{AAAEB043-5C22-44E0-8E42-0C8D40A6C6A1}.Debug|Any CPU.ActiveCfg = Debug|Any CPU
		{AAAEB043-5C22-44E0-8E42-0C8D40A6C6A1}.Debug|Any CPU.Build.0 = Debug|Any CPU
		{AAAEB043-5C22-44E0-8E42-0C8D40A6C6A1}.Release|Any CPU.ActiveCfg = Release|Any CPU
		{AAAEB043-5C22-44E0-8E42-0C8D40A6C6A1}.Release|Any CPU.Build.0 = Release|Any CPU
		{538EC7CA-442B-4E09-BB0A-337D08F1C0BC}.Debug|Any CPU.ActiveCfg = Debug|Any CPU
		{538EC7CA-442B-4E09-BB0A-337D08F1C0BC}.Debug|Any CPU.Build.0 = Debug|Any CPU
		{538EC7CA-442B-4E09-BB0A-337D08F1C0BC}.Debug|Any CPU.Deploy.0 = Debug|Any CPU
		{538EC7CA-442B-4E09-BB0A-337D08F1C0BC}.Release|Any CPU.ActiveCfg = Release|Any CPU
		{538EC7CA-442B-4E09-BB0A-337D08F1C0BC}.Release|Any CPU.Build.0 = Release|Any CPU
		{538EC7CA-442B-4E09-BB0A-337D08F1C0BC}.Release|Any CPU.Deploy.0 = Release|Any CPU
		{300B0174-F326-4FC7-BA74-BA018494FC68}.Debug|Any CPU.ActiveCfg = Debug|Any CPU
		{300B0174-F326-4FC7-BA74-BA018494FC68}.Debug|Any CPU.Build.0 = Debug|Any CPU
		{300B0174-F326-4FC7-BA74-BA018494FC68}.Release|Any CPU.ActiveCfg = Release|Any CPU
		{300B0174-F326-4FC7-BA74-BA018494FC68}.Release|Any CPU.Build.0 = Release|Any CPU
	EndGlobalSection
	GlobalSection(SolutionProperties) = preSolution
		HideSolutionNode = FALSE
	EndGlobalSection
EndGlobal
